
Microsoft Visual Studio Solution File, Format Version 12.00
# Visual Studio 15
VisualStudioVersion = 15.0.28307.572
MinimumVisualStudioVersion = 10.0.40219.1
Project("{FAE04EC0-301F-11D3-BF4B-00C04F79EFBC}") = "myspecialtycoffee.Android", "myspecialtycoffee\myspecialtycoffee.Android\myspecialtycoffee.Android.csproj", "{F4912516-0AFD-43FF-A5CB-851EB7045FF6}"
EndProject
Project("{FAE04EC0-301F-11D3-BF4B-00C04F79EFBC}") = "myspecialtycoffee.iOS", "myspecialtycoffee\myspecialtycoffee.iOS\myspecialtycoffee.iOS.csproj", "{253C726D-5489-47F2-B96F-488F1D8D7A8F}"
EndProject
Project("{FAE04EC0-301F-11D3-BF4B-00C04F79EFBC}") = "myspecialtycoffee", "myspecialtycoffee\myspecialtycoffee\myspecialtycoffee.csproj", "{3D6A5F56-EF1A-4044-B055-0997EBA62BA5}"
EndProject
Global
	GlobalSection(SolutionConfigurationPlatforms) = preSolution
		Ad-Hoc|Any CPU = Ad-Hoc|Any CPU
		Ad-Hoc|iPhone = Ad-Hoc|iPhone
		Ad-Hoc|iPhoneSimulator = Ad-Hoc|iPhoneSimulator
		AppStore|Any CPU = AppStore|Any CPU
		AppStore|iPhone = AppStore|iPhone
		AppStore|iPhoneSimulator = AppStore|iPhoneSimulator
		Debug|Any CPU = Debug|Any CPU
		Debug|iPhone = Debug|iPhone
		Debug|iPhoneSimulator = Debug|iPhoneSimulator
		Release|Any CPU = Release|Any CPU
		Release|iPhone = Release|iPhone
		Release|iPhoneSimulator = Release|iPhoneSimulator
	EndGlobalSection
	GlobalSection(ProjectConfigurationPlatforms) = postSolution
		{F4912516-0AFD-43FF-A5CB-851EB7045FF6}.Ad-Hoc|Any CPU.ActiveCfg = Release|Any CPU
		{F4912516-0AFD-43FF-A5CB-851EB7045FF6}.Ad-Hoc|Any CPU.Build.0 = Release|Any CPU
		{F4912516-0AFD-43FF-A5CB-851EB7045FF6}.Ad-Hoc|Any CPU.Deploy.0 = Release|Any CPU
		{F4912516-0AFD-43FF-A5CB-851EB7045FF6}.Ad-Hoc|iPhone.ActiveCfg = Release|Any CPU
		{F4912516-0AFD-43FF-A5CB-851EB7045FF6}.Ad-Hoc|iPhone.Build.0 = Release|Any CPU
		{F4912516-0AFD-43FF-A5CB-851EB7045FF6}.Ad-Hoc|iPhone.Deploy.0 = Release|Any CPU
		{F4912516-0AFD-43FF-A5CB-851EB7045FF6}.Ad-Hoc|iPhoneSimulator.ActiveCfg = Release|Any CPU
		{F4912516-0AFD-43FF-A5CB-851EB7045FF6}.Ad-Hoc|iPhoneSimulator.Build.0 = Release|Any CPU
		{F4912516-0AFD-43FF-A5CB-851EB7045FF6}.Ad-Hoc|iPhoneSimulator.Deploy.0 = Release|Any CPU
		{F4912516-0AFD-43FF-A5CB-851EB7045FF6}.AppStore|Any CPU.ActiveCfg = Release|Any CPU
		{F4912516-0AFD-43FF-A5CB-851EB7045FF6}.AppStore|Any CPU.Build.0 = Release|Any CPU
		{F4912516-0AFD-43FF-A5CB-851EB7045FF6}.AppStore|Any CPU.Deploy.0 = Release|Any CPU
		{F4912516-0AFD-43FF-A5CB-851EB7045FF6}.AppStore|iPhone.ActiveCfg = Release|Any CPU
		{F4912516-0AFD-43FF-A5CB-851EB7045FF6}.AppStore|iPhone.Build.0 = Release|Any CPU
		{F4912516-0AFD-43FF-A5CB-851EB7045FF6}.AppStore|iPhone.Deploy.0 = Release|Any CPU
		{F4912516-0AFD-43FF-A5CB-851EB7045FF6}.AppStore|iPhoneSimulator.ActiveCfg = Release|Any CPU
		{F4912516-0AFD-43FF-A5CB-851EB7045FF6}.AppStore|iPhoneSimulator.Build.0 = Release|Any CPU
		{F4912516-0AFD-43FF-A5CB-851EB7045FF6}.AppStore|iPhoneSimulator.Deploy.0 = Release|Any CPU
		{F4912516-0AFD-43FF-A5CB-851EB7045FF6}.Debug|Any CPU.ActiveCfg = Debug|Any CPU
		{F4912516-0AFD-43FF-A5CB-851EB7045FF6}.Debug|Any CPU.Build.0 = Debug|Any CPU
		{F4912516-0AFD-43FF-A5CB-851EB7045FF6}.Debug|Any CPU.Deploy.0 = Debug|Any CPU
		{F4912516-0AFD-43FF-A5CB-851EB7045FF6}.Debug|iPhone.ActiveCfg = Debug|Any CPU
		{F4912516-0AFD-43FF-A5CB-851EB7045FF6}.Debug|iPhone.Build.0 = Debug|Any CPU
		{F4912516-0AFD-43FF-A5CB-851EB7045FF6}.Debug|iPhone.Deploy.0 = Debug|Any CPU
		{F4912516-0AFD-43FF-A5CB-851EB7045FF6}.Debug|iPhoneSimulator.ActiveCfg = Debug|Any CPU
		{F4912516-0AFD-43FF-A5CB-851EB7045FF6}.Debug|iPhoneSimulator.Build.0 = Debug|Any CPU
		{F4912516-0AFD-43FF-A5CB-851EB7045FF6}.Debug|iPhoneSimulator.Deploy.0 = Debug|Any CPU
		{F4912516-0AFD-43FF-A5CB-851EB7045FF6}.Release|Any CPU.ActiveCfg = Release|Any CPU
		{F4912516-0AFD-43FF-A5CB-851EB7045FF6}.Release|Any CPU.Build.0 = Release|Any CPU
		{F4912516-0AFD-43FF-A5CB-851EB7045FF6}.Release|Any CPU.Deploy.0 = Release|Any CPU
		{F4912516-0AFD-43FF-A5CB-851EB7045FF6}.Release|iPhone.ActiveCfg = Release|Any CPU
		{F4912516-0AFD-43FF-A5CB-851EB7045FF6}.Release|iPhone.Build.0 = Release|Any CPU
		{F4912516-0AFD-43FF-A5CB-851EB7045FF6}.Release|iPhone.Deploy.0 = Release|Any CPU
		{F4912516-0AFD-43FF-A5CB-851EB7045FF6}.Release|iPhoneSimulator.ActiveCfg = Release|Any CPU
		{F4912516-0AFD-43FF-A5CB-851EB7045FF6}.Release|iPhoneSimulator.Build.0 = Release|Any CPU
		{F4912516-0AFD-43FF-A5CB-851EB7045FF6}.Release|iPhoneSimulator.Deploy.0 = Release|Any CPU
		{253C726D-5489-47F2-B96F-488F1D8D7A8F}.Ad-Hoc|Any CPU.ActiveCfg = Ad-Hoc|iPhone
		{253C726D-5489-47F2-B96F-488F1D8D7A8F}.Ad-Hoc|Any CPU.Build.0 = Ad-Hoc|iPhone
		{253C726D-5489-47F2-B96F-488F1D8D7A8F}.Ad-Hoc|Any CPU.Deploy.0 = Ad-Hoc|iPhone
		{253C726D-5489-47F2-B96F-488F1D8D7A8F}.Ad-Hoc|iPhone.ActiveCfg = Ad-Hoc|iPhone
		{253C726D-5489-47F2-B96F-488F1D8D7A8F}.Ad-Hoc|iPhone.Build.0 = Ad-Hoc|iPhone
		{253C726D-5489-47F2-B96F-488F1D8D7A8F}.Ad-Hoc|iPhone.Deploy.0 = Ad-Hoc|iPhone
		{253C726D-5489-47F2-B96F-488F1D8D7A8F}.Ad-Hoc|iPhoneSimulator.ActiveCfg = Ad-Hoc|iPhoneSimulator
		{253C726D-5489-47F2-B96F-488F1D8D7A8F}.Ad-Hoc|iPhoneSimulator.Build.0 = Ad-Hoc|iPhoneSimulator
		{253C726D-5489-47F2-B96F-488F1D8D7A8F}.Ad-Hoc|iPhoneSimulator.Deploy.0 = Ad-Hoc|iPhoneSimulator
		{253C726D-5489-47F2-B96F-488F1D8D7A8F}.AppStore|Any CPU.ActiveCfg = AppStore|iPhone
		{253C726D-5489-47F2-B96F-488F1D8D7A8F}.AppStore|Any CPU.Build.0 = AppStore|iPhone
		{253C726D-5489-47F2-B96F-488F1D8D7A8F}.AppStore|Any CPU.Deploy.0 = AppStore|iPhone
		{253C726D-5489-47F2-B96F-488F1D8D7A8F}.AppStore|iPhone.ActiveCfg = AppStore|iPhone
		{253C726D-5489-47F2-B96F-488F1D8D7A8F}.AppStore|iPhone.Build.0 = AppStore|iPhone
		{253C726D-5489-47F2-B96F-488F1D8D7A8F}.AppStore|iPhone.Deploy.0 = AppStore|iPhone
		{253C726D-5489-47F2-B96F-488F1D8D7A8F}.AppStore|iPhoneSimulator.ActiveCfg = AppStore|iPhoneSimulator
		{253C726D-5489-47F2-B96F-488F1D8D7A8F}.AppStore|iPhoneSimulator.Build.0 = AppStore|iPhoneSimulator
		{253C726D-5489-47F2-B96F-488F1D8D7A8F}.AppStore|iPhoneSimulator.Deploy.0 = AppStore|iPhoneSimulator
		{253C726D-5489-47F2-B96F-488F1D8D7A8F}.Debug|Any CPU.ActiveCfg = Debug|iPhoneSimulator
		{253C726D-5489-47F2-B96F-488F1D8D7A8F}.Debug|Any CPU.Build.0 = Debug|iPhoneSimulator
		{253C726D-5489-47F2-B96F-488F1D8D7A8F}.Debug|Any CPU.Deploy.0 = Debug|iPhoneSimulator
		{253C726D-5489-47F2-B96F-488F1D8D7A8F}.Debug|iPhone.ActiveCfg = Debug|iPhone
		{253C726D-5489-47F2-B96F-488F1D8D7A8F}.Debug|iPhone.Build.0 = Debug|iPhone
		{253C726D-5489-47F2-B96F-488F1D8D7A8F}.Debug|iPhone.Deploy.0 = Debug|iPhone
		{253C726D-5489-47F2-B96F-488F1D8D7A8F}.Debug|iPhoneSimulator.ActiveCfg = Debug|iPhoneSimulator
		{253C726D-5489-47F2-B96F-488F1D8D7A8F}.Debug|iPhoneSimulator.Build.0 = Debug|iPhoneSimulator
		{253C726D-5489-47F2-B96F-488F1D8D7A8F}.Debug|iPhoneSimulator.Deploy.0 = Debug|iPhoneSimulator
		{253C726D-5489-47F2-B96F-488F1D8D7A8F}.Release|Any CPU.ActiveCfg = Release|iPhone
		{253C726D-5489-47F2-B96F-488F1D8D7A8F}.Release|Any CPU.Build.0 = Release|iPhone
		{253C726D-5489-47F2-B96F-488F1D8D7A8F}.Release|Any CPU.Deploy.0 = Release|iPhone
		{253C726D-5489-47F2-B96F-488F1D8D7A8F}.Release|iPhone.ActiveCfg = Release|iPhone
		{253C726D-5489-47F2-B96F-488F1D8D7A8F}.Release|iPhone.Build.0 = Release|iPhone
		{253C726D-5489-47F2-B96F-488F1D8D7A8F}.Release|iPhone.Deploy.0 = Release|iPhone
		{253C726D-5489-47F2-B96F-488F1D8D7A8F}.Release|iPhoneSimulator.ActiveCfg = Release|iPhoneSimulator
		{253C726D-5489-47F2-B96F-488F1D8D7A8F}.Release|iPhoneSimulator.Build.0 = Release|iPhoneSimulator
		{253C726D-5489-47F2-B96F-488F1D8D7A8F}.Release|iPhoneSimulator.Deploy.0 = Release|iPhoneSimulator
		{3D6A5F56-EF1A-4044-B055-0997EBA62BA5}.Ad-Hoc|Any CPU.ActiveCfg = Debug|Any CPU
		{3D6A5F56-EF1A-4044-B055-0997EBA62BA5}.Ad-Hoc|Any CPU.Build.0 = Debug|Any CPU
		{3D6A5F56-EF1A-4044-B055-0997EBA62BA5}.Ad-Hoc|Any CPU.Deploy.0 = Debug|Any CPU
		{3D6A5F56-EF1A-4044-B055-0997EBA62BA5}.Ad-Hoc|iPhone.ActiveCfg = Debug|Any CPU
		{3D6A5F56-EF1A-4044-B055-0997EBA62BA5}.Ad-Hoc|iPhone.Build.0 = Debug|Any CPU
		{3D6A5F56-EF1A-4044-B055-0997EBA62BA5}.Ad-Hoc|iPhone.Deploy.0 = Debug|Any CPU
		{3D6A5F56-EF1A-4044-B055-0997EBA62BA5}.Ad-Hoc|iPhoneSimulator.ActiveCfg = Debug|Any CPU
		{3D6A5F56-EF1A-4044-B055-0997EBA62BA5}.Ad-Hoc|iPhoneSimulator.Build.0 = Debug|Any CPU
		{3D6A5F56-EF1A-4044-B055-0997EBA62BA5}.Ad-Hoc|iPhoneSimulator.Deploy.0 = Debug|Any CPU
		{3D6A5F56-EF1A-4044-B055-0997EBA62BA5}.AppStore|Any CPU.ActiveCfg = Debug|Any CPU
		{3D6A5F56-EF1A-4044-B055-0997EBA62BA5}.AppStore|Any CPU.Build.0 = Debug|Any CPU
		{3D6A5F56-EF1A-4044-B055-0997EBA62BA5}.AppStore|Any CPU.Deploy.0 = Debug|Any CPU
		{3D6A5F56-EF1A-4044-B055-0997EBA62BA5}.AppStore|iPhone.ActiveCfg = Debug|Any CPU
		{3D6A5F56-EF1A-4044-B055-0997EBA62BA5}.AppStore|iPhone.Build.0 = Debug|Any CPU
		{3D6A5F56-EF1A-4044-B055-0997EBA62BA5}.AppStore|iPhone.Deploy.0 = Debug|Any CPU
		{3D6A5F56-EF1A-4044-B055-0997EBA62BA5}.AppStore|iPhoneSimulator.ActiveCfg = Debug|Any CPU
		{3D6A5F56-EF1A-4044-B055-0997EBA62BA5}.AppStore|iPhoneSimulator.Build.0 = Debug|Any CPU
		{3D6A5F56-EF1A-4044-B055-0997EBA62BA5}.AppStore|iPhoneSimulator.Deploy.0 = Debug|Any CPU
		{3D6A5F56-EF1A-4044-B055-0997EBA62BA5}.Debug|Any CPU.ActiveCfg = Debug|Any CPU
		{3D6A5F56-EF1A-4044-B055-0997EBA62BA5}.Debug|Any CPU.Build.0 = Debug|Any CPU
		{3D6A5F56-EF1A-4044-B055-0997EBA62BA5}.Debug|Any CPU.Deploy.0 = Debug|Any CPU
		{3D6A5F56-EF1A-4044-B055-0997EBA62BA5}.Debug|iPhone.ActiveCfg = Debug|Any CPU
		{3D6A5F56-EF1A-4044-B055-0997EBA62BA5}.Debug|iPhone.Build.0 = Debug|Any CPU
		{3D6A5F56-EF1A-4044-B055-0997EBA62BA5}.Debug|iPhone.Deploy.0 = Debug|Any CPU
		{3D6A5F56-EF1A-4044-B055-0997EBA62BA5}.Debug|iPhoneSimulator.ActiveCfg = Debug|Any CPU
		{3D6A5F56-EF1A-4044-B055-0997EBA62BA5}.Debug|iPhoneSimulator.Build.0 = Debug|Any CPU
		{3D6A5F56-EF1A-4044-B055-0997EBA62BA5}.Debug|iPhoneSimulator.Deploy.0 = Debug|Any CPU
		{3D6A5F56-EF1A-4044-B055-0997EBA62BA5}.Release|Any CPU.ActiveCfg = Release|Any CPU
		{3D6A5F56-EF1A-4044-B055-0997EBA62BA5}.Release|Any CPU.Build.0 = Release|Any CPU
		{3D6A5F56-EF1A-4044-B055-0997EBA62BA5}.Release|Any CPU.Deploy.0 = Release|Any CPU
		{3D6A5F56-EF1A-4044-B055-0997EBA62BA5}.Release|iPhone.ActiveCfg = Release|Any CPU
		{3D6A5F56-EF1A-4044-B055-0997EBA62BA5}.Release|iPhone.Build.0 = Release|Any CPU
		{3D6A5F56-EF1A-4044-B055-0997EBA62BA5}.Release|iPhone.Deploy.0 = Release|Any CPU
		{3D6A5F56-EF1A-4044-B055-0997EBA62BA5}.Release|iPhoneSimulator.ActiveCfg = Release|Any CPU
		{3D6A5F56-EF1A-4044-B055-0997EBA62BA5}.Release|iPhoneSimulator.Build.0 = Release|Any CPU
		{3D6A5F56-EF1A-4044-B055-0997EBA62BA5}.Release|iPhoneSimulator.Deploy.0 = Release|Any CPU
	EndGlobalSection
	GlobalSection(SolutionProperties) = preSolution
		HideSolutionNode = FALSE
	EndGlobalSection
	GlobalSection(ExtensibilityGlobals) = postSolution
		SolutionGuid = {EEBCE9A2-DCFB-4F6E-A6A2-6E0490A5B715}
	EndGlobalSection
EndGlobal
